
Microsoft Visual Studio Solution File, Format Version 12.00
# Visual Studio 15
VisualStudioVersion = 15.0.28010.2016
MinimumVisualStudioVersion = 10.0.40219.1
Project("{FAE04EC0-301F-11D3-BF4B-00C04F79EFBC}") = "Ecommerce", "Ecommerce\Ecommerce.csproj", "{665664D5-BD3D-4D19-B2E7-868A7421D1CE}"
EndProject
Project("{FAE04EC0-301F-11D3-BF4B-00C04F79EFBC}") = "CommonModels", "CommonModels\CommonModels.csproj", "{5F0C3626-BB6A-42DC-93FD-5B91140562D0}"
EndProject
Project("{FAE04EC0-301F-11D3-BF4B-00C04F79EFBC}") = "BLLEcommerce", "BLLEcommerce\BLLEcommerce.csproj", "{A8CE6FD8-67F2-4A30-9143-7AFAB7A87D85}"
EndProject
Project("{FAE04EC0-301F-11D3-BF4B-00C04F79EFBC}") = "DALEcommerce", "DALEcommerce\DALEcommerce.csproj", "{C1C6DAEA-A31C-49D3-8A7D-698192D1512F}"
EndProject
Global
	GlobalSection(SolutionConfigurationPlatforms) = preSolution
		Debug|Any CPU = Debug|Any CPU
		Release|Any CPU = Release|Any CPU
	EndGlobalSection
	GlobalSection(ProjectConfigurationPlatforms) = postSolution
		{665664D5-BD3D-4D19-B2E7-868A7421D1CE}.Debug|Any CPU.ActiveCfg = Debug|Any CPU
		{665664D5-BD3D-4D19-B2E7-868A7421D1CE}.Debug|Any CPU.Build.0 = Debug|Any CPU
		{665664D5-BD3D-4D19-B2E7-868A7421D1CE}.Release|Any CPU.ActiveCfg = Release|Any CPU
		{665664D5-BD3D-4D19-B2E7-868A7421D1CE}.Release|Any CPU.Build.0 = Release|Any CPU
		{5F0C3626-BB6A-42DC-93FD-5B91140562D0}.Debug|Any CPU.ActiveCfg = Debug|Any CPU
		{5F0C3626-BB6A-42DC-93FD-5B91140562D0}.Debug|Any CPU.Build.0 = Debug|Any CPU
		{5F0C3626-BB6A-42DC-93FD-5B91140562D0}.Release|Any CPU.ActiveCfg = Release|Any CPU
		{5F0C3626-BB6A-42DC-93FD-5B91140562D0}.Release|Any CPU.Build.0 = Release|Any CPU
		{A8CE6FD8-67F2-4A30-9143-7AFAB7A87D85}.Debug|Any CPU.ActiveCfg = Debug|Any CPU
		{A8CE6FD8-67F2-4A30-9143-7AFAB7A87D85}.Debug|Any CPU.Build.0 = Debug|Any CPU
		{A8CE6FD8-67F2-4A30-9143-7AFAB7A87D85}.Release|Any CPU.ActiveCfg = Release|Any CPU
		{A8CE6FD8-67F2-4A30-9143-7AFAB7A87D85}.Release|Any CPU.Build.0 = Release|Any CPU
		{C1C6DAEA-A31C-49D3-8A7D-698192D1512F}.Debug|Any CPU.ActiveCfg = Debug|Any CPU
		{C1C6DAEA-A31C-49D3-8A7D-698192D1512F}.Debug|Any CPU.Build.0 = Debug|Any CPU
		{C1C6DAEA-A31C-49D3-8A7D-698192D1512F}.Release|Any CPU.ActiveCfg = Release|Any CPU
		{C1C6DAEA-A31C-49D3-8A7D-698192D1512F}.Release|Any CPU.Build.0 = Release|Any CPU
	EndGlobalSection
	GlobalSection(SolutionProperties) = preSolution
		HideSolutionNode = FALSE
	EndGlobalSection
	GlobalSection(ExtensibilityGlobals) = postSolution
		SolutionGuid = {6CE89F75-24A0-431C-A909-71CF6AEED710}
	EndGlobalSection
EndGlobal
